
Microsoft Visual Studio Solution File, Format Version 12.00
# Visual Studio Version 16
VisualStudioVersion = 16.0.30611.23
MinimumVisualStudioVersion = 10.0.40219.1
Project("{FAE04EC0-301F-11D3-BF4B-00C04F79EFBC}") = "QuanLyQuanTS", "QuanLyQuanTS\QuanLyQuanTS.csproj", "{E1AF4A89-0C58-4CFD-8151-EC2CF4D7FA64}"
EndProject
Global
	GlobalSection(SolutionConfigurationPlatforms) = preSolution
		Debug|Any CPU = Debug|Any CPU
		Release|Any CPU = Release|Any CPU
	EndGlobalSection
	GlobalSection(ProjectConfigurationPlatforms) = postSolution
		{E1AF4A89-0C58-4CFD-8151-EC2CF4D7FA64}.Debug|Any CPU.ActiveCfg = Debug|Any CPU
		{E1AF4A89-0C58-4CFD-8151-EC2CF4D7FA64}.Debug|Any CPU.Build.0 = Debug|Any CPU
		{E1AF4A89-0C58-4CFD-8151-EC2CF4D7FA64}.Release|Any CPU.ActiveCfg = Release|Any CPU
		{E1AF4A89-0C58-4CFD-8151-EC2CF4D7FA64}.Release|Any CPU.Build.0 = Release|Any CPU
	EndGlobalSection
	GlobalSection(SolutionProperties) = preSolution
		HideSolutionNode = FALSE
	EndGlobalSection
	GlobalSection(ExtensibilityGlobals) = postSolution
		SolutionGuid = {D080A0A8-E58C-4837-A678-36585CE9A62C}
	EndGlobalSection
EndGlobal
